
Microsoft Visual Studio Solution File, Format Version 12.00
# Visual Studio Version 16
VisualStudioVersion = 16.0.29613.14
MinimumVisualStudioVersion = 10.0.40219.1
Project("{FAE04EC0-301F-11D3-BF4B-00C04F79EFBC}") = "ProjectCore", "ProjectCore\ProjectCore.csproj", "{F8871040-B978-47F5-AA0B-56BC2BDCE74A}"
EndProject
Global
	GlobalSection(SolutionConfigurationPlatforms) = preSolution
		Debug|Any CPU = Debug|Any CPU
		Release|Any CPU = Release|Any CPU
	EndGlobalSection
	GlobalSection(ProjectConfigurationPlatforms) = postSolution
		{F8871040-B978-47F5-AA0B-56BC2BDCE74A}.Debug|Any CPU.ActiveCfg = Debug|Any CPU
		{F8871040-B978-47F5-AA0B-56BC2BDCE74A}.Debug|Any CPU.Build.0 = Debug|Any CPU
		{F8871040-B978-47F5-AA0B-56BC2BDCE74A}.Release|Any CPU.ActiveCfg = Release|Any CPU
		{F8871040-B978-47F5-AA0B-56BC2BDCE74A}.Release|Any CPU.Build.0 = Release|Any CPU
	EndGlobalSection
	GlobalSection(SolutionProperties) = preSolution
		HideSolutionNode = FALSE
	EndGlobalSection
	GlobalSection(ExtensibilityGlobals) = postSolution
		SolutionGuid = {2B3260C8-9882-4BFB-BC50-43474AB5E468}
	EndGlobalSection
EndGlobal
